{
  "nodes": {
    "home-manager": {
      "inputs": {
        "nixpkgs": [
          "nixpkgs"
        ]
      },
      "locked": {
        "lastModified": 1695108154,
        "narHash": "sha256-gSg7UTVtls2yO9lKtP0yb66XBHT1Fx5qZSZbGMpSn2c=",
        "owner": "nix-community",
        "repo": "home-manager",
        "rev": "07682fff75d41f18327a871088d20af2710d4744",
        "type": "github"
      },
      "original": {
        "owner": "nix-community",
        "ref": "release-23.05",
        "repo": "home-manager",
        "type": "github"
      }
    },
    "nixpkgs": {
      "locked": {
        "lastModified": 1696954215,
        "narHash": "sha256-AFnALq/MZs0vRKwjGpS27maCMRcXr04lzi+BI7ZIoDw=",
        "owner": "NixOS",
        "repo": "nixpkgs",
        "rev": "0927ba648bbbdff18356c292edcfefbb4e1a143d",
        "type": "github"
      },
      "original": {
        "owner": "NixOS",
        "ref": "release-23.05",
        "repo": "nixpkgs",
        "type": "github"
      }
    },
    "nixpkgs-master": {
      "locked": {
        "lastModified": 1696553369,
        "narHash": "sha256-n/bXRunPCUhnmnaL6mOfQSfXAcaNOC7SaSdkdhr8UwE=",
        "owner": "NixOS",
        "repo": "nixpkgs",
        "rev": "e3948974208d4f1f4d77b1a710ff05f2597d451e",
        "type": "github"
      },
      "original": {
        "owner": "NixOS",
        "ref": "master",
        "repo": "nixpkgs",
        "type": "github"
      }
    },
    "nixpkgs-unstable": {
      "locked": {
        "lastModified": 1696757521,
        "narHash": "sha256-cfgtLNCBLFx2qOzRLI6DHfqTdfWI+UbvsKYa3b3fvaA=",
        "owner": "NixOS",
        "repo": "nixpkgs",
        "rev": "2646b294a146df2781b1ca49092450e8a32814e1",
        "type": "github"
      },
      "original": {
        "owner": "NixOS",
        "ref": "nixpkgs-unstable",
        "repo": "nixpkgs",
        "type": "github"
      }
    },
    "root": {
      "inputs": {
        "home-manager": "home-manager",
        "nixpkgs": "nixpkgs",
        "nixpkgs-master": "nixpkgs-master",
        "nixpkgs-unstable": "nixpkgs-unstable"
      }
    }
  },
  "root": "root",
  "version": 7
}
